// !$*UTF8*$!
{
	archiveVersion = 1;
	classes = {
	};
	objectVersion = 55;
	objects = {

/* Begin PBXBuildFile section */
		08ED0B5C6FF42CEAE0376CC3 /* DSModifiers.swift in Sources */ = {isa = PBXBuildFile; fileRef = DCEBC906CF87CA0FCACC2D27 /* DSModifiers.swift */; };
		303A80E45190312ABE15B0A8 /* AppSettings.swift in Sources */ = {isa = PBXBuildFile; fileRef = 1762680A2F3599649CCF6D1F /* AppSettings.swift */; };
		512309DD9DD8B97419FD00E1 /* Notifications.swift in Sources */ = {isa = PBXBuildFile; fileRef = 8164E0CE079893F23ECA8465 /* Notifications.swift */; };
		91C5EA8A9D534E4F7A458C10 /* CustomThemeConfig.swift in Sources */ = {isa = PBXBuildFile; fileRef = DFCD24C7FA0E240BA9A044F1 /* CustomThemeConfig.swift */; };
		AD7E96623D4A68D28D7F913C /* DSComponents.swift in Sources */ = {isa = PBXBuildFile; fileRef = 5A185FCE2794A0FFD23C764F /* DSComponents.swift */; };
		B79285EED067A150A4DE910F /* ColorHex.swift in Sources */ = {isa = PBXBuildFile; fileRef = D1A19078B07CCD511FDC6542 /* ColorHex.swift */; };
		D36260FA2F149D3B7F7351E9 /* Theme.swift in Sources */ = {isa = PBXBuildFile; fileRef = DD6CB871CBDCEA4BDFF6A912 /* Theme.swift */; };
/* End PBXBuildFile section */

/* Begin PBXCopyFilesBuildPhase section */
		49C4A8593835DDF36FBC2A05 /* Embed Frameworks */ = {
			isa = PBXCopyFilesBuildPhase;
			buildActionMask = 2147483647;
			dstPath = "";
			dstSubfolderSpec = 10;
			files = (
			);
			name = "Embed Frameworks";
			runOnlyForDeploymentPostprocessing = 0;
		};
/* End PBXCopyFilesBuildPhase section */

/* Begin PBXFileReference section */
		1762680A2F3599649CCF6D1F /* AppSettings.swift */ = {isa = PBXFileReference; lastKnownFileType = sourcecode.swift; path = AppSettings.swift; sourceTree = "<group>"; };
		5A185FCE2794A0FFD23C764F /* DSComponents.swift */ = {isa = PBXFileReference; lastKnownFileType = sourcecode.swift; path = DSComponents.swift; sourceTree = "<group>"; };
		69B7BBEAD5472C7195924AC8 /* DesignSystem.framework */ = {isa = PBXFileReference; explicitFileType = wrapper.framework; includeInIndex = 0; path = DesignSystem.framework; sourceTree = BUILT_PRODUCTS_DIR; };
		8164E0CE079893F23ECA8465 /* Notifications.swift */ = {isa = PBXFileReference; lastKnownFileType = sourcecode.swift; path = Notifications.swift; sourceTree = "<group>"; };
		8937FA9427EEA938B58C5B3E /* DesignSystem-Info.plist */ = {isa = PBXFileReference; lastKnownFileType = text.plist; path = "DesignSystem-Info.plist"; sourceTree = "<group>"; };
		D1A19078B07CCD511FDC6542 /* ColorHex.swift */ = {isa = PBXFileReference; lastKnownFileType = sourcecode.swift; path = ColorHex.swift; sourceTree = "<group>"; };
		DCEBC906CF87CA0FCACC2D27 /* DSModifiers.swift */ = {isa = PBXFileReference; lastKnownFileType = sourcecode.swift; path = DSModifiers.swift; sourceTree = "<group>"; };
		DD6CB871CBDCEA4BDFF6A912 /* Theme.swift */ = {isa = PBXFileReference; lastKnownFileType = sourcecode.swift; path = Theme.swift; sourceTree = "<group>"; };
		DFCD24C7FA0E240BA9A044F1 /* CustomThemeConfig.swift */ = {isa = PBXFileReference; lastKnownFileType = sourcecode.swift; path = CustomThemeConfig.swift; sourceTree = "<group>"; };
/* End PBXFileReference section */

/* Begin PBXFrameworksBuildPhase section */
		21D2E38EFDFDB350406F7982 /* Frameworks */ = {
			isa = PBXFrameworksBuildPhase;
			buildActionMask = 2147483647;
			files = (
			);
			runOnlyForDeploymentPostprocessing = 0;
		};
/* End PBXFrameworksBuildPhase section */

/* Begin PBXGroup section */
		0E1288659896D0CFF98DA5AA /* Sources */ = {
			isa = PBXGroup;
			children = (
				1762680A2F3599649CCF6D1F /* AppSettings.swift */,
				D1A19078B07CCD511FDC6542 /* ColorHex.swift */,
				DFCD24C7FA0E240BA9A044F1 /* CustomThemeConfig.swift */,
				5A185FCE2794A0FFD23C764F /* DSComponents.swift */,
				DCEBC906CF87CA0FCACC2D27 /* DSModifiers.swift */,
				8164E0CE079893F23ECA8465 /* Notifications.swift */,
				DD6CB871CBDCEA4BDFF6A912 /* Theme.swift */,
			);
			path = Sources;
			sourceTree = "<group>";
		};
		2BB59E843B58BD9FFF395FEA /* Project */ = {
			isa = PBXGroup;
			children = (
				8753C5EB21B15584438290E8 /* Derived */,
				0E1288659896D0CFF98DA5AA /* Sources */,
			);
			name = Project;
			sourceTree = "<group>";
		};
		7D6BBD2B92079B70AB979221 /* Frameworks */ = {
			isa = PBXGroup;
			children = (
			);
			name = Frameworks;
			sourceTree = "<group>";
		};
		82664F67710540CBDEBE5B11 /* Products */ = {
			isa = PBXGroup;
			children = (
				69B7BBEAD5472C7195924AC8 /* DesignSystem.framework */,
			);
			name = Products;
			sourceTree = "<group>";
		};
		8753C5EB21B15584438290E8 /* Derived */ = {
			isa = PBXGroup;
			children = (
				F2F0D6EECE384EBEC3AFDEB4 /* InfoPlists */,
			);
			path = Derived;
			sourceTree = "<group>";
		};
		EC9821EEC8CC800276475F6C = {
			isa = PBXGroup;
			children = (
				2BB59E843B58BD9FFF395FEA /* Project */,
				7D6BBD2B92079B70AB979221 /* Frameworks */,
				82664F67710540CBDEBE5B11 /* Products */,
			);
			sourceTree = "<group>";
		};
		F2F0D6EECE384EBEC3AFDEB4 /* InfoPlists */ = {
			isa = PBXGroup;
			children = (
				8937FA9427EEA938B58C5B3E /* DesignSystem-Info.plist */,
			);
			path = InfoPlists;
			sourceTree = "<group>";
		};
/* End PBXGroup section */

/* Begin PBXNativeTarget section */
		83C9B5D1938C22907FF6E247 /* DesignSystem */ = {
			isa = PBXNativeTarget;
			buildConfigurationList = FDE90610E9DF3345CFC83326 /* Build configuration list for PBXNativeTarget "DesignSystem" */;
			buildPhases = (
				BA6DF36C53063F00B80115EA /* Sources */,
				510D3A5EADC65A3BE366D353 /* Resources */,
				49C4A8593835DDF36FBC2A05 /* Embed Frameworks */,
				21D2E38EFDFDB350406F7982 /* Frameworks */,
			);
			buildRules = (
			);
			dependencies = (
			);
			name = DesignSystem;
			productName = DesignSystem;
			productReference = 69B7BBEAD5472C7195924AC8 /* DesignSystem.framework */;
			productType = "com.apple.product-type.framework";
		};
/* End PBXNativeTarget section */

/* Begin PBXProject section */
		F639F9585E77B0BBBB642E14 /* Project object */ = {
			isa = PBXProject;
			attributes = {
				BuildIndependentTargetsInParallel = YES;
				TargetAttributes = {
				};
			};
			buildConfigurationList = 5C0CBBA2BFE0CEE21375AF0A /* Build configuration list for PBXProject "DesignSystem" */;
			compatibilityVersion = "Xcode 13.0";
			developmentRegion = en;
			hasScannedForEncodings = 0;
			knownRegions = (
				Base,
				en,
			);
			mainGroup = EC9821EEC8CC800276475F6C;
			productRefGroup = 82664F67710540CBDEBE5B11 /* Products */;
			projectDirPath = "";
			projectRoot = "";
			targets = (
				83C9B5D1938C22907FF6E247 /* DesignSystem */,
			);
		};
/* End PBXProject section */

/* Begin PBXResourcesBuildPhase section */
		510D3A5EADC65A3BE366D353 /* Resources */ = {
			isa = PBXResourcesBuildPhase;
			buildActionMask = 2147483647;
			files = (
			);
			runOnlyForDeploymentPostprocessing = 0;
		};
/* End PBXResourcesBuildPhase section */

/* Begin PBXSourcesBuildPhase section */
		BA6DF36C53063F00B80115EA /* Sources */ = {
			isa = PBXSourcesBuildPhase;
			buildActionMask = 2147483647;
			files = (
				303A80E45190312ABE15B0A8 /* AppSettings.swift in Sources */,
				B79285EED067A150A4DE910F /* ColorHex.swift in Sources */,
				91C5EA8A9D534E4F7A458C10 /* CustomThemeConfig.swift in Sources */,
				AD7E96623D4A68D28D7F913C /* DSComponents.swift in Sources */,
				08ED0B5C6FF42CEAE0376CC3 /* DSModifiers.swift in Sources */,
				512309DD9DD8B97419FD00E1 /* Notifications.swift in Sources */,
				D36260FA2F149D3B7F7351E9 /* Theme.swift in Sources */,
			);
			runOnlyForDeploymentPostprocessing = 0;
		};
/* End PBXSourcesBuildPhase section */

/* Begin XCBuildConfiguration section */
		0C02DEECDC95653FCDD00F9F /* Debug */ = {
			isa = XCBuildConfiguration;
			buildSettings = {
				CODE_SIGN_IDENTITY = "";
				COMBINE_HIDPI_IMAGES = YES;
				CURRENT_PROJECT_VERSION = 1;
				DEFINES_MODULE = YES;
				DYLIB_COMPATIBILITY_VERSION = 1;
				DYLIB_CURRENT_VERSION = 1;
				DYLIB_INSTALL_NAME_BASE = "@rpath";
				FRAMEWORK_VERSION = A;
				INFOPLIST_FILE = "Derived/InfoPlists/DesignSystem-Info.plist";
				INSTALL_PATH = "$(LOCAL_LIBRARY_DIR)/Frameworks";
				LD_RUNPATH_SEARCH_PATHS = (
					"$(inherited)",
					"@executable_path/../Frameworks",
					"@loader_path/../Frameworks",
				);
				MACH_O_TYPE = staticlib;
				MACOSX_DEPLOYMENT_TARGET = 14.0;
				PRODUCT_BUNDLE_IDENTIFIER = com.junha.doffice.designsystem;
				PRODUCT_NAME = DesignSystem;
				SDKROOT = macosx;
				SKIP_INSTALL = YES;
				SWIFT_ACTIVE_COMPILATION_CONDITIONS = DEBUG;
				SWIFT_COMPILATION_MODE = singlefile;
				SWIFT_OPTIMIZATION_LEVEL = "-Onone";
				SWIFT_VERSION = 5.0;
				VERSIONING_SYSTEM = "apple-generic";
				VERSION_INFO_PREFIX = "";
			};
			name = Debug;
		};
		52C14854ECC2ED10764A18BC /* Release */ = {
			isa = XCBuildConfiguration;
			buildSettings = {
				CODE_SIGN_IDENTITY = "";
				COMBINE_HIDPI_IMAGES = YES;
				CURRENT_PROJECT_VERSION = 1;
				DEFINES_MODULE = YES;
				DYLIB_COMPATIBILITY_VERSION = 1;
				DYLIB_CURRENT_VERSION = 1;
				DYLIB_INSTALL_NAME_BASE = "@rpath";
				FRAMEWORK_VERSION = A;
				INFOPLIST_FILE = "Derived/InfoPlists/DesignSystem-Info.plist";
				INSTALL_PATH = "$(LOCAL_LIBRARY_DIR)/Frameworks";
				LD_RUNPATH_SEARCH_PATHS = (
					"$(inherited)",
					"@executable_path/../Frameworks",
					"@loader_path/../Frameworks",
				);
				MACH_O_TYPE = staticlib;
				MACOSX_DEPLOYMENT_TARGET = 14.0;
				PRODUCT_BUNDLE_IDENTIFIER = com.junha.doffice.designsystem;
				PRODUCT_NAME = DesignSystem;
				SDKROOT = macosx;
				SKIP_INSTALL = YES;
				SWIFT_COMPILATION_MODE = wholemodule;
				SWIFT_OPTIMIZATION_LEVEL = "-Owholemodule";
				SWIFT_VERSION = 5.0;
				VERSIONING_SYSTEM = "apple-generic";
				VERSION_INFO_PREFIX = "";
			};
			name = Release;
		};
		7277DF913F606D69F469518F /* Debug */ = {
			isa = XCBuildConfiguration;
			buildSettings = {
				ALWAYS_SEARCH_USER_PATHS = NO;
				CLANG_ANALYZER_LOCALIZABILITY_NONLOCALIZED = YES;
				CLANG_ANALYZER_NONNULL = YES;
				CLANG_ANALYZER_NUMBER_OBJECT_CONVERSION = YES_AGGRESSIVE;
				CLANG_CXX_LANGUAGE_STANDARD = "gnu++14";
				CLANG_CXX_LIBRARY = "libc++";
				CLANG_ENABLE_MODULES = YES;
				CLANG_ENABLE_OBJC_ARC = YES;
				CLANG_ENABLE_OBJC_WEAK = YES;
				CLANG_WARN_BLOCK_CAPTURE_AUTORELEASING = YES;
				CLANG_WARN_BOOL_CONVERSION = YES;
				CLANG_WARN_COMMA = YES;
				CLANG_WARN_CONSTANT_CONVERSION = YES;
				CLANG_WARN_DEPRECATED_OBJC_IMPLEMENTATIONS = YES;
				CLANG_WARN_DIRECT_OBJC_ISA_USAGE = YES_ERROR;
				CLANG_WARN_DOCUMENTATION_COMMENTS = YES;
				CLANG_WARN_EMPTY_BODY = YES;
				CLANG_WARN_ENUM_CONVERSION = YES;
				CLANG_WARN_INFINITE_RECURSION = YES;
				CLANG_WARN_INT_CONVERSION = YES;
				CLANG_WARN_NON_LITERAL_NULL_CONVERSION = YES;
				CLANG_WARN_OBJC_IMPLICIT_RETAIN_SELF = YES;
				CLANG_WARN_OBJC_LITERAL_CONVERSION = YES;
				CLANG_WARN_OBJC_ROOT_CLASS = YES_ERROR;
				CLANG_WARN_QUOTED_INCLUDE_IN_FRAMEWORK_HEADER = YES;
				CLANG_WARN_RANGE_LOOP_ANALYSIS = YES;
				CLANG_WARN_STRICT_PROTOTYPES = YES;
				CLANG_WARN_SUSPICIOUS_MOVE = YES;
				CLANG_WARN_UNGUARDED_AVAILABILITY = YES_AGGRESSIVE;
				CLANG_WARN_UNREACHABLE_CODE = YES;
				CLANG_WARN__DUPLICATE_METHOD_MATCH = YES;
				COPY_PHASE_STRIP = NO;
				DEAD_CODE_STRIPPING = YES;
				DEBUG_INFORMATION_FORMAT = dwarf;
				ENABLE_STRICT_OBJC_MSGSEND = YES;
				ENABLE_TESTABILITY = YES;
				GCC_C_LANGUAGE_STANDARD = gnu11;
				GCC_DYNAMIC_NO_PIC = NO;
				GCC_NO_COMMON_BLOCKS = YES;
				GCC_OPTIMIZATION_LEVEL = 0;
				GCC_PREPROCESSOR_DEFINITIONS = (
					"DEBUG=1",
					"$(inherited)",
				);
				GCC_WARN_64_TO_32_BIT_CONVERSION = YES;
				GCC_WARN_ABOUT_RETURN_TYPE = YES_ERROR;
				GCC_WARN_UNDECLARED_SELECTOR = YES;
				GCC_WARN_UNINITIALIZED_AUTOS = YES_AGGRESSIVE;
				GCC_WARN_UNUSED_FUNCTION = YES;
				GCC_WARN_UNUSED_VARIABLE = YES;
				MTL_ENABLE_DEBUG_INFO = YES;
				ONLY_ACTIVE_ARCH = YES;
				PRODUCT_NAME = "$(TARGET_NAME)";
			};
			name = Debug;
		};
		88DC404DB5E70F332291F97C /* Release */ = {
			isa = XCBuildConfiguration;
			buildSettings = {
				ALWAYS_SEARCH_USER_PATHS = NO;
				CLANG_ANALYZER_LOCALIZABILITY_NONLOCALIZED = YES;
				CLANG_ANALYZER_NONNULL = YES;
				CLANG_ANALYZER_NUMBER_OBJECT_CONVERSION = YES_AGGRESSIVE;
				CLANG_CXX_LANGUAGE_STANDARD = "gnu++14";
				CLANG_CXX_LIBRARY = "libc++";
				CLANG_ENABLE_MODULES = YES;
				CLANG_ENABLE_OBJC_ARC = YES;
				CLANG_ENABLE_OBJC_WEAK = YES;
				CLANG_WARN_BLOCK_CAPTURE_AUTORELEASING = YES;
				CLANG_WARN_BOOL_CONVERSION = YES;
				CLANG_WARN_COMMA = YES;
				CLANG_WARN_CONSTANT_CONVERSION = YES;
				CLANG_WARN_DEPRECATED_OBJC_IMPLEMENTATIONS = YES;
				CLANG_WARN_DIRECT_OBJC_ISA_USAGE = YES_ERROR;
				CLANG_WARN_DOCUMENTATION_COMMENTS = YES;
				CLANG_WARN_EMPTY_BODY = YES;
				CLANG_WARN_ENUM_CONVERSION = YES;
				CLANG_WARN_INFINITE_RECURSION = YES;
				CLANG_WARN_INT_CONVERSION = YES;
				CLANG_WARN_NON_LITERAL_NULL_CONVERSION = YES;
				CLANG_WARN_OBJC_IMPLICIT_RETAIN_SELF = YES;
				CLANG_WARN_OBJC_LITERAL_CONVERSION = YES;
				CLANG_WARN_OBJC_ROOT_CLASS = YES_ERROR;
				CLANG_WARN_QUOTED_INCLUDE_IN_FRAMEWORK_HEADER = YES;
				CLANG_WARN_RANGE_LOOP_ANALYSIS = YES;
				CLANG_WARN_STRICT_PROTOTYPES = YES;
				CLANG_WARN_SUSPICIOUS_MOVE = YES;
				CLANG_WARN_UNGUARDED_AVAILABILITY = YES_AGGRESSIVE;
				CLANG_WARN_UNREACHABLE_CODE = YES;
				CLANG_WARN__DUPLICATE_METHOD_MATCH = YES;
				COPY_PHASE_STRIP = NO;
				DEAD_CODE_STRIPPING = YES;
				DEBUG_INFORMATION_FORMAT = "dwarf-with-dsym";
				ENABLE_NS_ASSERTIONS = NO;
				ENABLE_STRICT_OBJC_MSGSEND = YES;
				GCC_C_LANGUAGE_STANDARD = gnu11;
				GCC_NO_COMMON_BLOCKS = YES;
				GCC_OPTIMIZATION_LEVEL = s;
				GCC_WARN_64_TO_32_BIT_CONVERSION = YES;
				GCC_WARN_ABOUT_RETURN_TYPE = YES_ERROR;
				GCC_WARN_UNDECLARED_SELECTOR = YES;
				GCC_WARN_UNINITIALIZED_AUTOS = YES_AGGRESSIVE;
				GCC_WARN_UNUSED_FUNCTION = YES;
				GCC_WARN_UNUSED_VARIABLE = YES;
				MTL_ENABLE_DEBUG_INFO = NO;
				PRODUCT_NAME = "$(TARGET_NAME)";
				SWIFT_COMPILATION_MODE = wholemodule;
				SWIFT_OPTIMIZATION_LEVEL = "-Owholemodule";
				VALIDATE_PRODUCT = YES;
			};
			name = Release;
		};
/* End XCBuildConfiguration section */

/* Begin XCConfigurationList section */
		5C0CBBA2BFE0CEE21375AF0A /* Build configuration list for PBXProject "DesignSystem" */ = {
			isa = XCConfigurationList;
			buildConfigurations = (
				7277DF913F606D69F469518F /* Debug */,
				88DC404DB5E70F332291F97C /* Release */,
			);
			defaultConfigurationIsVisible = 0;
			defaultConfigurationName = Release;
		};
		FDE90610E9DF3345CFC83326 /* Build configuration list for PBXNativeTarget "DesignSystem" */ = {
			isa = XCConfigurationList;
			buildConfigurations = (
				0C02DEECDC95653FCDD00F9F /* Debug */,
				52C14854ECC2ED10764A18BC /* Release */,
			);
			defaultConfigurationIsVisible = 0;
			defaultConfigurationName = Release;
		};
/* End XCConfigurationList section */
	};
	rootObject = F639F9585E77B0BBBB642E14 /* Project object */;
}
